
Microsoft Visual Studio Solution File, Format Version 12.00
# Visual Studio Version 16
VisualStudioVersion = 16.0.29306.81
MinimumVisualStudioVersion = 10.0.40219.1
Project("{FAE04EC0-301F-11D3-BF4B-00C04F79EFBC}") = "OneHealthMod", "OneHealthMod\OneHealthMod.csproj", "{C5E727C0-63D8-42BB-92B2-E20DCCFBDAD3}"
EndProject
Global
	GlobalSection(SolutionConfigurationPlatforms) = preSolution
		Debug|Any CPU = Debug|Any CPU
		Release|Any CPU = Release|Any CPU
	EndGlobalSection
	GlobalSection(ProjectConfigurationPlatforms) = postSolution
		{C5E727C0-63D8-42BB-92B2-E20DCCFBDAD3}.Debug|Any CPU.ActiveCfg = Debug|Any CPU
		{C5E727C0-63D8-42BB-92B2-E20DCCFBDAD3}.Debug|Any CPU.Build.0 = Debug|Any CPU
		{C5E727C0-63D8-42BB-92B2-E20DCCFBDAD3}.Release|Any CPU.ActiveCfg = Release|Any CPU
		{C5E727C0-63D8-42BB-92B2-E20DCCFBDAD3}.Release|Any CPU.Build.0 = Release|Any CPU
	EndGlobalSection
	GlobalSection(SolutionProperties) = preSolution
		HideSolutionNode = FALSE
	EndGlobalSection
	GlobalSection(ExtensibilityGlobals) = postSolution
		SolutionGuid = {41C2FC15-6A6E-4296-8FBB-E6BA94CA0301}
	EndGlobalSection
EndGlobal
